
Microsoft Visual Studio Solution File, Format Version 12.00
# Visual Studio 15
VisualStudioVersion = 15.0.26430.15
MinimumVisualStudioVersion = 10.0.40219.1
Project("{2150E333-8FDC-42A3-9474-1A3956D46DE8}") = "3 - Domain", "3 - Domain", "{4C4EB1F0-D50F-4470-A3FD-FC9740D198CB}"
EndProject
Project("{FAE04EC0-301F-11D3-BF4B-00C04F79EFBC}") = "Domain.Prova", "Domain.Prova\Domain.Prova.csproj", "{F6B133FD-669B-4B86-ACAC-3D89B4250D73}"
EndProject
Project("{2150E333-8FDC-42A3-9474-1A3956D46DE8}") = "4 - Infra", "4 - Infra", "{1823E65D-709C-41F0-A6F0-C6AFB3651E2F}"
EndProject
Project("{2150E333-8FDC-42A3-9474-1A3956D46DE8}") = "4.1 - Data", "4.1 - Data", "{5D58AACD-01E5-4401-901A-C6C29872BAD4}"
EndProject
Project("{FAE04EC0-301F-11D3-BF4B-00C04F79EFBC}") = "Prova.Data", "Prova.Data\Prova.Data.csproj", "{D0FDEC32-640E-45B1-B96D-42D0DBBD7867}"
EndProject
Project("{2150E333-8FDC-42A3-9474-1A3956D46DE8}") = "0 - Presentation", "0 - Presentation", "{516AEAE1-71C9-4EEE-9273-8BEDA4E9D42C}"
EndProject
Project("{FAE04EC0-301F-11D3-BF4B-00C04F79EFBC}") = "Prova.UI", "Prova.UI\Prova.UI.csproj", "{19EE917C-5145-46C9-9447-73AD19642C63}"
EndProject
Project("{2150E333-8FDC-42A3-9474-1A3956D46DE8}") = "1 - Services", "1 - Services", "{1E18F40A-0ED6-4810-AF85-7CB9AC1F1F5B}"
EndProject
Project("{2150E333-8FDC-42A3-9474-1A3956D46DE8}") = "2 - Application", "2 - Application", "{26116BB2-FB84-4BB2-9DEC-4A762C76835C}"
EndProject
Project("{FAE04EC0-301F-11D3-BF4B-00C04F79EFBC}") = "Prova.Application", "Prova.Application\Prova.Application.csproj", "{FFB3EB28-0146-4EAF-B202-4F264F57B777}"
EndProject
Project("{2150E333-8FDC-42A3-9474-1A3956D46DE8}") = "4.2 - CrossCutting", "4.2 - CrossCutting", "{43AEB387-1AF4-40C1-8E8C-1D820698182F}"
EndProject
Project("{FAE04EC0-301F-11D3-BF4B-00C04F79EFBC}") = "Prova.CrossCutting_IoC", "Prova.CrossCutting_IoC\Prova.CrossCutting_IoC.csproj", "{072960C9-C867-4FBA-9797-100105B97E7B}"
EndProject
Global
	GlobalSection(SolutionConfigurationPlatforms) = preSolution
		Debug|Any CPU = Debug|Any CPU
		Release|Any CPU = Release|Any CPU
	EndGlobalSection
	GlobalSection(ProjectConfigurationPlatforms) = postSolution
		{F6B133FD-669B-4B86-ACAC-3D89B4250D73}.Debug|Any CPU.ActiveCfg = Debug|Any CPU
		{F6B133FD-669B-4B86-ACAC-3D89B4250D73}.Debug|Any CPU.Build.0 = Debug|Any CPU
		{F6B133FD-669B-4B86-ACAC-3D89B4250D73}.Release|Any CPU.ActiveCfg = Release|Any CPU
		{F6B133FD-669B-4B86-ACAC-3D89B4250D73}.Release|Any CPU.Build.0 = Release|Any CPU
		{D0FDEC32-640E-45B1-B96D-42D0DBBD7867}.Debug|Any CPU.ActiveCfg = Debug|Any CPU
		{D0FDEC32-640E-45B1-B96D-42D0DBBD7867}.Debug|Any CPU.Build.0 = Debug|Any CPU
		{D0FDEC32-640E-45B1-B96D-42D0DBBD7867}.Release|Any CPU.ActiveCfg = Release|Any CPU
		{D0FDEC32-640E-45B1-B96D-42D0DBBD7867}.Release|Any CPU.Build.0 = Release|Any CPU
		{19EE917C-5145-46C9-9447-73AD19642C63}.Debug|Any CPU.ActiveCfg = Debug|Any CPU
		{19EE917C-5145-46C9-9447-73AD19642C63}.Debug|Any CPU.Build.0 = Debug|Any CPU
		{19EE917C-5145-46C9-9447-73AD19642C63}.Release|Any CPU.ActiveCfg = Release|Any CPU
		{19EE917C-5145-46C9-9447-73AD19642C63}.Release|Any CPU.Build.0 = Release|Any CPU
		{FFB3EB28-0146-4EAF-B202-4F264F57B777}.Debug|Any CPU.ActiveCfg = Debug|Any CPU
		{FFB3EB28-0146-4EAF-B202-4F264F57B777}.Debug|Any CPU.Build.0 = Debug|Any CPU
		{FFB3EB28-0146-4EAF-B202-4F264F57B777}.Release|Any CPU.ActiveCfg = Release|Any CPU
		{FFB3EB28-0146-4EAF-B202-4F264F57B777}.Release|Any CPU.Build.0 = Release|Any CPU
		{072960C9-C867-4FBA-9797-100105B97E7B}.Debug|Any CPU.ActiveCfg = Debug|Any CPU
		{072960C9-C867-4FBA-9797-100105B97E7B}.Debug|Any CPU.Build.0 = Debug|Any CPU
		{072960C9-C867-4FBA-9797-100105B97E7B}.Release|Any CPU.ActiveCfg = Release|Any CPU
		{072960C9-C867-4FBA-9797-100105B97E7B}.Release|Any CPU.Build.0 = Release|Any CPU
	EndGlobalSection
	GlobalSection(SolutionProperties) = preSolution
		HideSolutionNode = FALSE
	EndGlobalSection
	GlobalSection(NestedProjects) = preSolution
		{F6B133FD-669B-4B86-ACAC-3D89B4250D73} = {4C4EB1F0-D50F-4470-A3FD-FC9740D198CB}
		{5D58AACD-01E5-4401-901A-C6C29872BAD4} = {1823E65D-709C-41F0-A6F0-C6AFB3651E2F}
		{D0FDEC32-640E-45B1-B96D-42D0DBBD7867} = {5D58AACD-01E5-4401-901A-C6C29872BAD4}
		{19EE917C-5145-46C9-9447-73AD19642C63} = {516AEAE1-71C9-4EEE-9273-8BEDA4E9D42C}
		{FFB3EB28-0146-4EAF-B202-4F264F57B777} = {26116BB2-FB84-4BB2-9DEC-4A762C76835C}
		{43AEB387-1AF4-40C1-8E8C-1D820698182F} = {1823E65D-709C-41F0-A6F0-C6AFB3651E2F}
		{072960C9-C867-4FBA-9797-100105B97E7B} = {43AEB387-1AF4-40C1-8E8C-1D820698182F}
	EndGlobalSection
EndGlobal
